
Microsoft Visual Studio Solution File, Format Version 12.00
# Visual Studio 15
VisualStudioVersion = 15.0.28307.1169
MinimumVisualStudioVersion = 10.0.40219.1
Project("{FAE04EC0-301F-11D3-BF4B-00C04F79EFBC}") = "HospitalApp", "HospitalApp\HospitalApp.csproj", "{935D46F4-C2BA-4B92-9078-A1FD549EABCD}"
EndProject
Global
	GlobalSection(SolutionConfigurationPlatforms) = preSolution
		Debug|Any CPU = Debug|Any CPU
		Release|Any CPU = Release|Any CPU
	EndGlobalSection
	GlobalSection(ProjectConfigurationPlatforms) = postSolution
		{935D46F4-C2BA-4B92-9078-A1FD549EABCD}.Debug|Any CPU.ActiveCfg = Debug|Any CPU
		{935D46F4-C2BA-4B92-9078-A1FD549EABCD}.Debug|Any CPU.Build.0 = Debug|Any CPU
		{935D46F4-C2BA-4B92-9078-A1FD549EABCD}.Release|Any CPU.ActiveCfg = Release|Any CPU
		{935D46F4-C2BA-4B92-9078-A1FD549EABCD}.Release|Any CPU.Build.0 = Release|Any CPU
	EndGlobalSection
	GlobalSection(SolutionProperties) = preSolution
		HideSolutionNode = FALSE
	EndGlobalSection
	GlobalSection(ExtensibilityGlobals) = postSolution
		SolutionGuid = {EB12978A-BE28-4FD9-94FB-FEB445B66BD2}
	EndGlobalSection
EndGlobal
